<Solution>
  <Folder Name="/src/">
    <Project Path="src/GameSaveReader.Core/GameSaveReader.Core.csproj" />
    <Project Path="src/GameSaveReader/GameSaveReader.csproj" />
  </Folder>
  <Folder Name="/tests/">
    <Project Path="tests/GameSaveReader.Core.Tests/GameSaveReader.Core.Tests.csproj" />
  </Folder>
</Solution>
