<Solution>
  <Folder Name="/src/">
    <Project Path="src/GameSaveValueReader.Core/GameSaveValueReader.Core.csproj" />
    <Project Path="src/GameSaveValueReader/GameSaveValueReader.csproj" />
  </Folder>
  <Folder Name="/tests/">
    <Project Path="tests/GameSaveValueReader.Tests/GameSaveValueReader.Tests.csproj" />
  </Folder>
</Solution>
